
Microsoft Visual Studio Solution File, Format Version 12.00
# Visual Studio Version 16
VisualStudioVersion = 16.0.30804.86
MinimumVisualStudioVersion = 10.0.40219.1
Project("{FAE04EC0-301F-11D3-BF4B-00C04F79EFBC}") = "Compta_App V1", "Compta_App V1\Compta_App V1.csproj", "{57DAFD18-0752-4736-B511-A691F4946895}"
EndProject
Project("{FAE04EC0-301F-11D3-BF4B-00C04F79EFBC}") = "LoreSoft.MathExpressions", "LoreSoft.MathExpressions\LoreSoft.MathExpressions.csproj", "{B6813448-FCE2-429C-81B5-9722FEA839B8}"
EndProject
Global
	GlobalSection(SolutionConfigurationPlatforms) = preSolution
		Debug|Any CPU = Debug|Any CPU
		Debug|x64 = Debug|x64
		Debug|x86 = Debug|x86
		Release|Any CPU = Release|Any CPU
		Release|x64 = Release|x64
		Release|x86 = Release|x86
	EndGlobalSection
	GlobalSection(ProjectConfigurationPlatforms) = postSolution
		{57DAFD18-0752-4736-B511-A691F4946895}.Debug|Any CPU.ActiveCfg = Debug|Any CPU
		{57DAFD18-0752-4736-B511-A691F4946895}.Debug|Any CPU.Build.0 = Debug|Any CPU
		{57DAFD18-0752-4736-B511-A691F4946895}.Debug|x64.ActiveCfg = Debug|Any CPU
		{57DAFD18-0752-4736-B511-A691F4946895}.Debug|x86.ActiveCfg = Debug|Any CPU
		{57DAFD18-0752-4736-B511-A691F4946895}.Release|Any CPU.ActiveCfg = Release|Any CPU
		{57DAFD18-0752-4736-B511-A691F4946895}.Release|Any CPU.Build.0 = Release|Any CPU
		{57DAFD18-0752-4736-B511-A691F4946895}.Release|x64.ActiveCfg = Release|Any CPU
		{57DAFD18-0752-4736-B511-A691F4946895}.Release|x86.ActiveCfg = Release|Any CPU
		{B6813448-FCE2-429C-81B5-9722FEA839B8}.Debug|Any CPU.ActiveCfg = Debug|Any CPU
		{B6813448-FCE2-429C-81B5-9722FEA839B8}.Debug|x64.ActiveCfg = Debug|x64
		{B6813448-FCE2-429C-81B5-9722FEA839B8}.Debug|x86.ActiveCfg = Debug|x86
		{B6813448-FCE2-429C-81B5-9722FEA839B8}.Release|Any CPU.ActiveCfg = Release|Any CPU
		{B6813448-FCE2-429C-81B5-9722FEA839B8}.Release|x64.ActiveCfg = Release|x64
		{B6813448-FCE2-429C-81B5-9722FEA839B8}.Release|x86.ActiveCfg = Release|x86
	EndGlobalSection
	GlobalSection(SolutionProperties) = preSolution
		HideSolutionNode = FALSE
	EndGlobalSection
	GlobalSection(ExtensibilityGlobals) = postSolution
		SolutionGuid = {6A71631B-E002-43B5-96D4-434F8BCBC2FD}
	EndGlobalSection
EndGlobal
